// !$*UTF8*$!
{
	archiveVersion = 1;
	classes = {
	};
	objectVersion = 55;
	objects = {

/* Begin PBXBuildFile section */
		91FFC8A028DB631B0013F026 /* oneSwimApp.swift in Sources */ = {isa = PBXBuildFile; fileRef = 91FFC89F28DB631B0013F026 /* oneSwimApp.swift */; };
		91FFC8A228DB631B0013F026 /* ContentView.swift in Sources */ = {isa = PBXBuildFile; fileRef = 91FFC8A128DB631B0013F026 /* ContentView.swift */; };
		91FFC8A428DB631E0013F026 /* Assets.xcassets in Resources */ = {isa = PBXBuildFile; fileRef = 91FFC8A328DB631E0013F026 /* Assets.xcassets */; };
		91FFC8A728DB631E0013F026 /* Preview Assets.xcassets in Resources */ = {isa = PBXBuildFile; fileRef = 91FFC8A628DB631E0013F026 /* Preview Assets.xcassets */; };
		91FFC8B128DB631E0013F026 /* oneSwimTests.swift in Sources */ = {isa = PBXBuildFile; fileRef = 91FFC8B028DB631E0013F026 /* oneSwimTests.swift */; };
		91FFC8BB28DB631E0013F026 /* oneSwimUITests.swift in Sources */ = {isa = PBXBuildFile; fileRef = 91FFC8BA28DB631E0013F026 /* oneSwimUITests.swift */; };
		91FFC8BD28DB631E0013F026 /* oneSwimUITestsLaunchTests.swift in Sources */ = {isa = PBXBuildFile; fileRef = 91FFC8BC28DB631E0013F026 /* oneSwimUITestsLaunchTests.swift */; };
/* End PBXBuildFile section */

/* Begin PBXContainerItemProxy section */
		91FFC8AD28DB631E0013F026 /* PBXContainerItemProxy */ = {
			isa = PBXContainerItemProxy;
			containerPortal = 91FFC89428DB631B0013F026 /* Project object */;
			proxyType = 1;
			remoteGlobalIDString = 91FFC89B28DB631B0013F026;
			remoteInfo = oneSwim;
		};
		91FFC8B728DB631E0013F026 /* PBXContainerItemProxy */ = {
			isa = PBXContainerItemProxy;
			containerPortal = 91FFC89428DB631B0013F026 /* Project object */;
			proxyType = 1;
			remoteGlobalIDString = 91FFC89B28DB631B0013F026;
			remoteInfo = oneSwim;
		};
/* End PBXContainerItemProxy section */

/* Begin PBXFileReference section */
		91FFC89C28DB631B0013F026 /* oneSwim.app */ = {isa = PBXFileReference; explicitFileType = wrapper.application; includeInIndex = 0; path = oneSwim.app; sourceTree = BUILT_PRODUCTS_DIR; };
		91FFC89F28DB631B0013F026 /* oneSwimApp.swift */ = {isa = PBXFileReference; lastKnownFileType = sourcecode.swift; path = oneSwimApp.swift; sourceTree = "<group>"; };
		91FFC8A128DB631B0013F026 /* ContentView.swift */ = {isa = PBXFileReference; lastKnownFileType = sourcecode.swift; path = ContentView.swift; sourceTree = "<group>"; };
		91FFC8A328DB631E0013F026 /* Assets.xcassets */ = {isa = PBXFileReference; lastKnownFileType = folder.assetcatalog; path = Assets.xcassets; sourceTree = "<group>"; };
		91FFC8A628DB631E0013F026 /* Preview Assets.xcassets */ = {isa = PBXFileReference; lastKnownFileType = folder.assetcatalog; path = "Preview Assets.xcassets"; sourceTree = "<group>"; };
		91FFC8AC28DB631E0013F026 /* oneSwimTests.xctest */ = {isa = PBXFileReference; explicitFileType = wrapper.cfbundle; includeInIndex = 0; path = oneSwimTests.xctest; sourceTree = BUILT_PRODUCTS_DIR; };
		91FFC8B028DB631E0013F026 /* oneSwimTests.swift */ = {isa = PBXFileReference; lastKnownFileType = sourcecode.swift; path = oneSwimTests.swift; sourceTree = "<group>"; };
		91FFC8B628DB631E0013F026 /* oneSwimUITests.xctest */ = {isa = PBXFileReference; explicitFileType = wrapper.cfbundle; includeInIndex = 0; path = oneSwimUITests.xctest; sourceTree = BUILT_PRODUCTS_DIR; };
		91FFC8BA28DB631E0013F026 /* oneSwimUITests.swift */ = {isa = PBXFileReference; lastKnownFileType = sourcecode.swift; path = oneSwimUITests.swift; sourceTree = "<group>"; };
		91FFC8BC28DB631E0013F026 /* oneSwimUITestsLaunchTests.swift */ = {isa = PBXFileReference; lastKnownFileType = sourcecode.swift; path = oneSwimUITestsLaunchTests.swift; sourceTree = "<group>"; };
/* End PBXFileReference section */

/* Begin PBXFrameworksBuildPhase section */
		91FFC89928DB631B0013F026 /* Frameworks */ = {
			isa = PBXFrameworksBuildPhase;
			buildActionMask = 2147483647;
			files = (
			);
			runOnlyForDeploymentPostprocessing = 0;
		};
		91FFC8A928DB631E0013F026 /* Frameworks */ = {
			isa = PBXFrameworksBuildPhase;
			buildActionMask = 2147483647;
			files = (
			);
			runOnlyForDeploymentPostprocessing = 0;
		};
		91FFC8B328DB631E0013F026 /* Frameworks */ = {
			isa = PBXFrameworksBuildPhase;
			buildActionMask = 2147483647;
			files = (
			);
			runOnlyForDeploymentPostprocessing = 0;
		};
/* End PBXFrameworksBuildPhase section */

/* Begin PBXGroup section */
		91FFC89328DB631B0013F026 = {
			isa = PBXGroup;
			children = (
				91FFC89E28DB631B0013F026 /* oneSwim */,
				91FFC8AF28DB631E0013F026 /* oneSwimTests */,
				91FFC8B928DB631E0013F026 /* oneSwimUITests */,
				91FFC89D28DB631B0013F026 /* Products */,
			);
			sourceTree = "<group>";
		};
		91FFC89D28DB631B0013F026 /* Products */ = {
			isa = PBXGroup;
			children = (
				91FFC89C28DB631B0013F026 /* oneSwim.app */,
				91FFC8AC28DB631E0013F026 /* oneSwimTests.xctest */,
				91FFC8B628DB631E0013F026 /* oneSwimUITests.xctest */,
			);
			name = Products;
			sourceTree = "<group>";
		};
		91FFC89E28DB631B0013F026 /* oneSwim */ = {
			isa = PBXGroup;
			children = (
				91FFC89F28DB631B0013F026 /* oneSwimApp.swift */,
				91FFC8A128DB631B0013F026 /* ContentView.swift */,
				91FFC8A328DB631E0013F026 /* Assets.xcassets */,
				91FFC8A528DB631E0013F026 /* Preview Content */,
			);
			path = oneSwim;
			sourceTree = "<group>";
		};
		91FFC8A528DB631E0013F026 /* Preview Content */ = {
			isa = PBXGroup;
			children = (
				91FFC8A628DB631E0013F026 /* Preview Assets.xcassets */,
			);
			path = "Preview Content";
			sourceTree = "<group>";
		};
		91FFC8AF28DB631E0013F026 /* oneSwimTests */ = {
			isa = PBXGroup;
			children = (
				91FFC8B028DB631E0013F026 /* oneSwimTests.swift */,
			);
			path = oneSwimTests;
			sourceTree = "<group>";
		};
		91FFC8B928DB631E0013F026 /* oneSwimUITests */ = {
			isa = PBXGroup;
			children = (
				91FFC8BA28DB631E0013F026 /* oneSwimUITests.swift */,
				91FFC8BC28DB631E0013F026 /* oneSwimUITestsLaunchTests.swift */,
			);
			path = oneSwimUITests;
			sourceTree = "<group>";
		};
/* End PBXGroup section */

/* Begin PBXNativeTarget section */
		91FFC89B28DB631B0013F026 /* oneSwim */ = {
			isa = PBXNativeTarget;
			buildConfigurationList = 91FFC8C028DB631E0013F026 /* Build configuration list for PBXNativeTarget "oneSwim" */;
			buildPhases = (
				91FFC89828DB631B0013F026 /* Sources */,
				91FFC89928DB631B0013F026 /* Frameworks */,
				91FFC89A28DB631B0013F026 /* Resources */,
			);
			buildRules = (
			);
			dependencies = (
			);
			name = oneSwim;
			productName = oneSwim;
			productReference = 91FFC89C28DB631B0013F026 /* oneSwim.app */;
			productType = "com.apple.product-type.application";
		};
		91FFC8AB28DB631E0013F026 /* oneSwimTests */ = {
			isa = PBXNativeTarget;
			buildConfigurationList = 91FFC8C328DB631E0013F026 /* Build configuration list for PBXNativeTarget "oneSwimTests" */;
			buildPhases = (
				91FFC8A828DB631E0013F026 /* Sources */,
				91FFC8A928DB631E0013F026 /* Frameworks */,
				91FFC8AA28DB631E0013F026 /* Resources */,
			);
			buildRules = (
			);
			dependencies = (
				91FFC8AE28DB631E0013F026 /* PBXTargetDependency */,
			);
			name = oneSwimTests;
			productName = oneSwimTests;
			productReference = 91FFC8AC28DB631E0013F026 /* oneSwimTests.xctest */;
			productType = "com.apple.product-type.bundle.unit-test";
		};
		91FFC8B528DB631E0013F026 /* oneSwimUITests */ = {
			isa = PBXNativeTarget;
			buildConfigurationList = 91FFC8C628DB631E0013F026 /* Build configuration list for PBXNativeTarget "oneSwimUITests" */;
			buildPhases = (
				91FFC8B228DB631E0013F026 /* Sources */,
				91FFC8B328DB631E0013F026 /* Frameworks */,
				91FFC8B428DB631E0013F026 /* Resources */,
			);
			buildRules = (
			);
			dependencies = (
				91FFC8B828DB631E0013F026 /* PBXTargetDependency */,
			);
			name = oneSwimUITests;
			productName = oneSwimUITests;
			productReference = 91FFC8B628DB631E0013F026 /* oneSwimUITests.xctest */;
			productType = "com.apple.product-type.bundle.ui-testing";
		};
/* End PBXNativeTarget section */

/* Begin PBXProject section */
		91FFC89428DB631B0013F026 /* Project object */ = {
			isa = PBXProject;
			attributes = {
				BuildIndependentTargetsInParallel = 1;
				LastSwiftUpdateCheck = 1310;
				LastUpgradeCheck = 1310;
				TargetAttributes = {
					91FFC89B28DB631B0013F026 = {
						CreatedOnToolsVersion = 13.1;
					};
					91FFC8AB28DB631E0013F026 = {
						CreatedOnToolsVersion = 13.1;
						TestTargetID = 91FFC89B28DB631B0013F026;
					};
					91FFC8B528DB631E0013F026 = {
						CreatedOnToolsVersion = 13.1;
						TestTargetID = 91FFC89B28DB631B0013F026;
					};
				};
			};
			buildConfigurationList = 91FFC89728DB631B0013F026 /* Build configuration list for PBXProject "oneSwim" */;
			compatibilityVersion = "Xcode 13.0";
			developmentRegion = en;
			hasScannedForEncodings = 0;
			knownRegions = (
				en,
				Base,
			);
			mainGroup = 91FFC89328DB631B0013F026;
			productRefGroup = 91FFC89D28DB631B0013F026 /* Products */;
			projectDirPath = "";
			projectRoot = "";
			targets = (
				91FFC89B28DB631B0013F026 /* oneSwim */,
				91FFC8AB28DB631E0013F026 /* oneSwimTests */,
				91FFC8B528DB631E0013F026 /* oneSwimUITests */,
			);
		};
/* End PBXProject section */

/* Begin PBXResourcesBuildPhase section */
		91FFC89A28DB631B0013F026 /* Resources */ = {
			isa = PBXResourcesBuildPhase;
			buildActionMask = 2147483647;
			files = (
				91FFC8A728DB631E0013F026 /* Preview Assets.xcassets in Resources */,
				91FFC8A428DB631E0013F026 /* Assets.xcassets in Resources */,
			);
			runOnlyForDeploymentPostprocessing = 0;
		};
		91FFC8AA28DB631E0013F026 /* Resources */ = {
			isa = PBXResourcesBuildPhase;
			buildActionMask = 2147483647;
			files = (
			);
			runOnlyForDeploymentPostprocessing = 0;
		};
		91FFC8B428DB631E0013F026 /* Resources */ = {
			isa = PBXResourcesBuildPhase;
			buildActionMask = 2147483647;
			files = (
			);
			runOnlyForDeploymentPostprocessing = 0;
		};
/* End PBXResourcesBuildPhase section */

/* Begin PBXSourcesBuildPhase section */
		91FFC89828DB631B0013F026 /* Sources */ = {
			isa = PBXSourcesBuildPhase;
			buildActionMask = 2147483647;
			files = (
				91FFC8A228DB631B0013F026 /* ContentView.swift in Sources */,
				91FFC8A028DB631B0013F026 /* oneSwimApp.swift in Sources */,
			);
			runOnlyForDeploymentPostprocessing = 0;
		};
		91FFC8A828DB631E0013F026 /* Sources */ = {
			isa = PBXSourcesBuildPhase;
			buildActionMask = 2147483647;
			files = (
				91FFC8B128DB631E0013F026 /* oneSwimTests.swift in Sources */,
			);
			runOnlyForDeploymentPostprocessing = 0;
		};
		91FFC8B228DB631E0013F026 /* Sources */ = {
			isa = PBXSourcesBuildPhase;
			buildActionMask = 2147483647;
			files = (
				91FFC8BB28DB631E0013F026 /* oneSwimUITests.swift in Sources */,
				91FFC8BD28DB631E0013F026 /* oneSwimUITestsLaunchTests.swift in Sources */,
			);
			runOnlyForDeploymentPostprocessing = 0;
		};
/* End PBXSourcesBuildPhase section */

/* Begin PBXTargetDependency section */
		91FFC8AE28DB631E0013F026 /* PBXTargetDependency */ = {
			isa = PBXTargetDependency;
			target = 91FFC89B28DB631B0013F026 /* oneSwim */;
			targetProxy = 91FFC8AD28DB631E0013F026 /* PBXContainerItemProxy */;
		};
		91FFC8B828DB631E0013F026 /* PBXTargetDependency */ = {
			isa = PBXTargetDependency;
			target = 91FFC89B28DB631B0013F026 /* oneSwim */;
			targetProxy = 91FFC8B728DB631E0013F026 /* PBXContainerItemProxy */;
		};
/* End PBXTargetDependency section */

/* Begin XCBuildConfiguration section */
		91FFC8BE28DB631E0013F026 /* Debug */ = {
			isa = XCBuildConfiguration;
			buildSettings = {
				ALWAYS_SEARCH_USER_PATHS = NO;
				CLANG_ANALYZER_NONNULL = YES;
				CLANG_ANALYZER_NUMBER_OBJECT_CONVERSION = YES_AGGRESSIVE;
				CLANG_CXX_LANGUAGE_STANDARD = "gnu++17";
				CLANG_CXX_LIBRARY = "libc++";
				CLANG_ENABLE_MODULES = YES;
				CLANG_ENABLE_OBJC_ARC = YES;
				CLANG_ENABLE_OBJC_WEAK = YES;
				CLANG_WARN_BLOCK_CAPTURE_AUTORELEASING = YES;
				CLANG_WARN_BOOL_CONVERSION = YES;
				CLANG_WARN_COMMA = YES;
				CLANG_WARN_CONSTANT_CONVERSION = YES;
				CLANG_WARN_DEPRECATED_OBJC_IMPLEMENTATIONS = YES;
				CLANG_WARN_DIRECT_OBJC_ISA_USAGE = YES_ERROR;
				CLANG_WARN_DOCUMENTATION_COMMENTS = YES;
				CLANG_WARN_EMPTY_BODY = YES;
				CLANG_WARN_ENUM_CONVERSION = YES;
				CLANG_WARN_INFINITE_RECURSION = YES;
				CLANG_WARN_INT_CONVERSION = YES;
				CLANG_WARN_NON_LITERAL_NULL_CONVERSION = YES;
				CLANG_WARN_OBJC_IMPLICIT_RETAIN_SELF = YES;
				CLANG_WARN_OBJC_LITERAL_CONVERSION = YES;
				CLANG_WARN_OBJC_ROOT_CLASS = YES_ERROR;
				CLANG_WARN_QUOTED_INCLUDE_IN_FRAMEWORK_HEADER = YES;
				CLANG_WARN_RANGE_LOOP_ANALYSIS = YES;
				CLANG_WARN_STRICT_PROTOTYPES = YES;
				CLANG_WARN_SUSPICIOUS_MOVE = YES;
				CLANG_WARN_UNGUARDED_AVAILABILITY = YES_AGGRESSIVE;
				CLANG_WARN_UNREACHABLE_CODE = YES;
				CLANG_WARN__DUPLICATE_METHOD_MATCH = YES;
				COPY_PHASE_STRIP = NO;
				DEBUG_INFORMATION_FORMAT = dwarf;
				ENABLE_STRICT_OBJC_MSGSEND = YES;
				ENABLE_TESTABILITY = YES;
				GCC_C_LANGUAGE_STANDARD = gnu11;
				GCC_DYNAMIC_NO_PIC = NO;
				GCC_NO_COMMON_BLOCKS = YES;
				GCC_OPTIMIZATION_LEVEL = 0;
				GCC_PREPROCESSOR_DEFINITIONS = (
					"DEBUG=1",
					"$(inherited)",
				);
				GCC_WARN_64_TO_32_BIT_CONVERSION = YES;
				GCC_WARN_ABOUT_RETURN_TYPE = YES_ERROR;
				GCC_WARN_UNDECLARED_SELECTOR = YES;
				GCC_WARN_UNINITIALIZED_AUTOS = YES_AGGRESSIVE;
				GCC_WARN_UNUSED_FUNCTION = YES;
				GCC_WARN_UNUSED_VARIABLE = YES;
				IPHONEOS_DEPLOYMENT_TARGET = 15.0;
				MTL_ENABLE_DEBUG_INFO = INCLUDE_SOURCE;
				MTL_FAST_MATH = YES;
				ONLY_ACTIVE_ARCH = YES;
				SDKROOT = iphoneos;
				SWIFT_ACTIVE_COMPILATION_CONDITIONS = DEBUG;
				SWIFT_OPTIMIZATION_LEVEL = "-Onone";
			};
			name = Debug;
		};
		91FFC8BF28DB631E0013F026 /* Release */ = {
			isa = XCBuildConfiguration;
			buildSettings = {
				ALWAYS_SEARCH_USER_PATHS = NO;
				CLANG_ANALYZER_NONNULL = YES;
				CLANG_ANALYZER_NUMBER_OBJECT_CONVERSION = YES_AGGRESSIVE;
				CLANG_CXX_LANGUAGE_STANDARD = "gnu++17";
				CLANG_CXX_LIBRARY = "libc++";
				CLANG_ENABLE_MODULES = YES;
				CLANG_ENABLE_OBJC_ARC = YES;
				CLANG_ENABLE_OBJC_WEAK = YES;
				CLANG_WARN_BLOCK_CAPTURE_AUTORELEASING = YES;
				CLANG_WARN_BOOL_CONVERSION = YES;
				CLANG_WARN_COMMA = YES;
				CLANG_WARN_CONSTANT_CONVERSION = YES;
				CLANG_WARN_DEPRECATED_OBJC_IMPLEMENTATIONS = YES;
				CLANG_WARN_DIRECT_OBJC_ISA_USAGE = YES_ERROR;
				CLANG_WARN_DOCUMENTATION_COMMENTS = YES;
				CLANG_WARN_EMPTY_BODY = YES;
				CLANG_WARN_ENUM_CONVERSION = YES;
				CLANG_WARN_INFINITE_RECURSION = YES;
				CLANG_WARN_INT_CONVERSION = YES;
				CLANG_WARN_NON_LITERAL_NULL_CONVERSION = YES;
				CLANG_WARN_OBJC_IMPLICIT_RETAIN_SELF = YES;
				CLANG_WARN_OBJC_LITERAL_CONVERSION = YES;
				CLANG_WARN_OBJC_ROOT_CLASS = YES_ERROR;
				CLANG_WARN_QUOTED_INCLUDE_IN_FRAMEWORK_HEADER = YES;
				CLANG_WARN_RANGE_LOOP_ANALYSIS = YES;
				CLANG_WARN_STRICT_PROTOTYPES = YES;
				CLANG_WARN_SUSPICIOUS_MOVE = YES;
				CLANG_WARN_UNGUARDED_AVAILABILITY = YES_AGGRESSIVE;
				CLANG_WARN_UNREACHABLE_CODE = YES;
				CLANG_WARN__DUPLICATE_METHOD_MATCH = YES;
				COPY_PHASE_STRIP = NO;
				DEBUG_INFORMATION_FORMAT = "dwarf-with-dsym";
				ENABLE_NS_ASSERTIONS = NO;
				ENABLE_STRICT_OBJC_MSGSEND = YES;
				GCC_C_LANGUAGE_STANDARD = gnu11;
				GCC_NO_COMMON_BLOCKS = YES;
				GCC_WARN_64_TO_32_BIT_CONVERSION = YES;
				GCC_WARN_ABOUT_RETURN_TYPE = YES_ERROR;
				GCC_WARN_UNDECLARED_SELECTOR = YES;
				GCC_WARN_UNINITIALIZED_AUTOS = YES_AGGRESSIVE;
				GCC_WARN_UNUSED_FUNCTION = YES;
				GCC_WARN_UNUSED_VARIABLE = YES;
				IPHONEOS_DEPLOYMENT_TARGET = 15.0;
				MTL_ENABLE_DEBUG_INFO = NO;
				MTL_FAST_MATH = YES;
				SDKROOT = iphoneos;
				SWIFT_COMPILATION_MODE = wholemodule;
				SWIFT_OPTIMIZATION_LEVEL = "-O";
				VALIDATE_PRODUCT = YES;
			};
			name = Release;
		};
		91FFC8C128DB631E0013F026 /* Debug */ = {
			isa = XCBuildConfiguration;
			buildSettings = {
				ASSETCATALOG_COMPILER_APPICON_NAME = AppIcon;
				ASSETCATALOG_COMPILER_GLOBAL_ACCENT_COLOR_NAME = AccentColor;
				CODE_SIGN_STYLE = Automatic;
				CURRENT_PROJECT_VERSION = 1;
				DEVELOPMENT_ASSET_PATHS = "\"oneSwim/Preview Content\"";
				ENABLE_PREVIEWS = YES;
				GENERATE_INFOPLIST_FILE = YES;
				INFOPLIST_KEY_UIApplicationSceneManifest_Generation = YES;
				INFOPLIST_KEY_UIApplicationSupportsIndirectInputEvents = YES;
				INFOPLIST_KEY_UILaunchScreen_Generation = YES;
				INFOPLIST_KEY_UISupportedInterfaceOrientations_iPad = "UIInterfaceOrientationPortrait UIInterfaceOrientationPortraitUpsideDown UIInterfaceOrientationLandscapeLeft UIInterfaceOrientationLandscapeRight";
				INFOPLIST_KEY_UISupportedInterfaceOrientations_iPhone = "UIInterfaceOrientationPortrait UIInterfaceOrientationLandscapeLeft UIInterfaceOrientationLandscapeRight";
				LD_RUNPATH_SEARCH_PATHS = (
					"$(inherited)",
					"@executable_path/Frameworks",
				);
				MARKETING_VERSION = 1.0;
				PRODUCT_BUNDLE_IDENTIFIER = ihuy.oneSwim;
				PRODUCT_NAME = "$(TARGET_NAME)";
				SWIFT_EMIT_LOC_STRINGS = YES;
				SWIFT_VERSION = 5.0;
				TARGETED_DEVICE_FAMILY = "1,2";
			};
			name = Debug;
		};
		91FFC8C228DB631E0013F026 /* Release */ = {
			isa = XCBuildConfiguration;
			buildSettings = {
				ASSETCATALOG_COMPILER_APPICON_NAME = AppIcon;
				ASSETCATALOG_COMPILER_GLOBAL_ACCENT_COLOR_NAME = AccentColor;
				CODE_SIGN_STYLE = Automatic;
				CURRENT_PROJECT_VERSION = 1;
				DEVELOPMENT_ASSET_PATHS = "\"oneSwim/Preview Content\"";
				ENABLE_PREVIEWS = YES;
				GENERATE_INFOPLIST_FILE = YES;
				INFOPLIST_KEY_UIApplicationSceneManifest_Generation = YES;
				INFOPLIST_KEY_UIApplicationSupportsIndirectInputEvents = YES;
				INFOPLIST_KEY_UILaunchScreen_Generation = YES;
				INFOPLIST_KEY_UISupportedInterfaceOrientations_iPad = "UIInterfaceOrientationPortrait UIInterfaceOrientationPortraitUpsideDown UIInterfaceOrientationLandscapeLeft UIInterfaceOrientationLandscapeRight";
				INFOPLIST_KEY_UISupportedInterfaceOrientations_iPhone = "UIInterfaceOrientationPortrait UIInterfaceOrientationLandscapeLeft UIInterfaceOrientationLandscapeRight";
				LD_RUNPATH_SEARCH_PATHS = (
					"$(inherited)",
					"@executable_path/Frameworks",
				);
				MARKETING_VERSION = 1.0;
				PRODUCT_BUNDLE_IDENTIFIER = ihuy.oneSwim;
				PRODUCT_NAME = "$(TARGET_NAME)";
				SWIFT_EMIT_LOC_STRINGS = YES;
				SWIFT_VERSION = 5.0;
				TARGETED_DEVICE_FAMILY = "1,2";
			};
			name = Release;
		};
		91FFC8C428DB631E0013F026 /* Debug */ = {
			isa = XCBuildConfiguration;
			buildSettings = {
				ALWAYS_EMBED_SWIFT_STANDARD_LIBRARIES = YES;
				BUNDLE_LOADER = "$(TEST_HOST)";
				CODE_SIGN_STYLE = Automatic;
				CURRENT_PROJECT_VERSION = 1;
				GENERATE_INFOPLIST_FILE = YES;
				IPHONEOS_DEPLOYMENT_TARGET = 15.0;
				LD_RUNPATH_SEARCH_PATHS = (
					"$(inherited)",
					"@executable_path/Frameworks",
					"@loader_path/Frameworks",
				);
				MARKETING_VERSION = 1.0;
				PRODUCT_BUNDLE_IDENTIFIER = ihuy.oneSwimTests;
				PRODUCT_NAME = "$(TARGET_NAME)";
				SWIFT_EMIT_LOC_STRINGS = NO;
				SWIFT_VERSION = 5.0;
				TARGETED_DEVICE_FAMILY = "1,2";
				TEST_HOST = "$(BUILT_PRODUCTS_DIR)/oneSwim.app/oneSwim";
			};
			name = Debug;
		};
		91FFC8C528DB631E0013F026 /* Release */ = {
			isa = XCBuildConfiguration;
			buildSettings = {
				ALWAYS_EMBED_SWIFT_STANDARD_LIBRARIES = YES;
				BUNDLE_LOADER = "$(TEST_HOST)";
				CODE_SIGN_STYLE = Automatic;
				CURRENT_PROJECT_VERSION = 1;
				GENERATE_INFOPLIST_FILE = YES;
				IPHONEOS_DEPLOYMENT_TARGET = 15.0;
				LD_RUNPATH_SEARCH_PATHS = (
					"$(inherited)",
					"@executable_path/Frameworks",
					"@loader_path/Frameworks",
				);
				MARKETING_VERSION = 1.0;
				PRODUCT_BUNDLE_IDENTIFIER = ihuy.oneSwimTests;
				PRODUCT_NAME = "$(TARGET_NAME)";
				SWIFT_EMIT_LOC_STRINGS = NO;
				SWIFT_VERSION = 5.0;
				TARGETED_DEVICE_FAMILY = "1,2";
				TEST_HOST = "$(BUILT_PRODUCTS_DIR)/oneSwim.app/oneSwim";
			};
			name = Release;
		};
		91FFC8C728DB631E0013F026 /* Debug */ = {
			isa = XCBuildConfiguration;
			buildSettings = {
				ALWAYS_EMBED_SWIFT_STANDARD_LIBRARIES = YES;
				CODE_SIGN_STYLE = Automatic;
				CURRENT_PROJECT_VERSION = 1;
				GENERATE_INFOPLIST_FILE = YES;
				LD_RUNPATH_SEARCH_PATHS = (
					"$(inherited)",
					"@executable_path/Frameworks",
					"@loader_path/Frameworks",
				);
				MARKETING_VERSION = 1.0;
				PRODUCT_BUNDLE_IDENTIFIER = ihuy.oneSwimUITests;
				PRODUCT_NAME = "$(TARGET_NAME)";
				SWIFT_EMIT_LOC_STRINGS = NO;
				SWIFT_VERSION = 5.0;
				TARGETED_DEVICE_FAMILY = "1,2";
				TEST_TARGET_NAME = oneSwim;
			};
			name = Debug;
		};
		91FFC8C828DB631E0013F026 /* Release */ = {
			isa = XCBuildConfiguration;
			buildSettings = {
				ALWAYS_EMBED_SWIFT_STANDARD_LIBRARIES = YES;
				CODE_SIGN_STYLE = Automatic;
				CURRENT_PROJECT_VERSION = 1;
				GENERATE_INFOPLIST_FILE = YES;
				LD_RUNPATH_SEARCH_PATHS = (
					"$(inherited)",
					"@executable_path/Frameworks",
					"@loader_path/Frameworks",
				);
				MARKETING_VERSION = 1.0;
				PRODUCT_BUNDLE_IDENTIFIER = ihuy.oneSwimUITests;
				PRODUCT_NAME = "$(TARGET_NAME)";
				SWIFT_EMIT_LOC_STRINGS = NO;
				SWIFT_VERSION = 5.0;
				TARGETED_DEVICE_FAMILY = "1,2";
				TEST_TARGET_NAME = oneSwim;
			};
			name = Release;
		};
/* End XCBuildConfiguration section */

/* Begin XCConfigurationList section */
		91FFC89728DB631B0013F026 /* Build configuration list for PBXProject "oneSwim" */ = {
			isa = XCConfigurationList;
			buildConfigurations = (
				91FFC8BE28DB631E0013F026 /* Debug */,
				91FFC8BF28DB631E0013F026 /* Release */,
			);
			defaultConfigurationIsVisible = 0;
			defaultConfigurationName = Release;
		};
		91FFC8C028DB631E0013F026 /* Build configuration list for PBXNativeTarget "oneSwim" */ = {
			isa = XCConfigurationList;
			buildConfigurations = (
				91FFC8C128DB631E0013F026 /* Debug */,
				91FFC8C228DB631E0013F026 /* Release */,
			);
			defaultConfigurationIsVisible = 0;
			defaultConfigurationName = Release;
		};
		91FFC8C328DB631E0013F026 /* Build configuration list for PBXNativeTarget "oneSwimTests" */ = {
			isa = XCConfigurationList;
			buildConfigurations = (
				91FFC8C428DB631E0013F026 /* Debug */,
				91FFC8C528DB631E0013F026 /* Release */,
			);
			defaultConfigurationIsVisible = 0;
			defaultConfigurationName = Release;
		};
		91FFC8C628DB631E0013F026 /* Build configuration list for PBXNativeTarget "oneSwimUITests" */ = {
			isa = XCConfigurationList;
			buildConfigurations = (
				91FFC8C728DB631E0013F026 /* Debug */,
				91FFC8C828DB631E0013F026 /* Release */,
			);
			defaultConfigurationIsVisible = 0;
			defaultConfigurationName = Release;
		};
/* End XCConfigurationList section */
	};
	rootObject = 91FFC89428DB631B0013F026 /* Project object */;
}
